
Microsoft Visual Studio Solution File, Format Version 12.00
# Visual Studio 2017
Project("{FAE04EC0-301F-11D3-BF4B-00C04F79EFBC}") = "knight", "knight.csproj", "{6E93D330-FA13-595F-34F0-1440245108EB}"
EndProject
Project("{FAE04EC0-301F-11D3-BF4B-00C04F79EFBC}") = "knight.Plugins", "knight.Plugins.csproj", "{9CC3C92F-FE7E-EA45-EC53-58BD08676A52}"
EndProject
Project("{FAE04EC0-301F-11D3-BF4B-00C04F79EFBC}") = "knight.Editor", "knight.Editor.csproj", "{F24149DF-153B-2437-9787-77DE48010481}"
EndProject
Project("{FAE04EC0-301F-11D3-BF4B-00C04F79EFBC}") = "knight.Editor.Plugins", "knight.Editor.Plugins.csproj", "{5C4B25E1-7B6C-62F2-C21D-FE9F6EAC1C6F}"
EndProject
Project("{FAE04EC0-301F-11D3-BF4B-00C04F79EFBC}") = "KnightHotfixModule", "HotfixModule\KnightHotfixModule\KnightHotfixModule.csproj", "{42AE5E3D-2228-4EEC-9E0A-A58E803D692D}"
EndProject
Global
	GlobalSection(SolutionConfigurationPlatforms) = preSolution
		Debug|Any CPU = Debug|Any CPU
		Release|Any CPU = Release|Any CPU
	EndGlobalSection
	GlobalSection(ProjectConfigurationPlatforms) = postSolution
		{6E93D330-FA13-595F-34F0-1440245108EB}.Debug|Any CPU.ActiveCfg = Debug|Any CPU
		{6E93D330-FA13-595F-34F0-1440245108EB}.Debug|Any CPU.Build.0 = Debug|Any CPU
		{6E93D330-FA13-595F-34F0-1440245108EB}.Release|Any CPU.ActiveCfg = Release|Any CPU
		{6E93D330-FA13-595F-34F0-1440245108EB}.Release|Any CPU.Build.0 = Release|Any CPU
		{9CC3C92F-FE7E-EA45-EC53-58BD08676A52}.Debug|Any CPU.ActiveCfg = Debug|Any CPU
		{9CC3C92F-FE7E-EA45-EC53-58BD08676A52}.Debug|Any CPU.Build.0 = Debug|Any CPU
		{9CC3C92F-FE7E-EA45-EC53-58BD08676A52}.Release|Any CPU.ActiveCfg = Release|Any CPU
		{9CC3C92F-FE7E-EA45-EC53-58BD08676A52}.Release|Any CPU.Build.0 = Release|Any CPU
		{F24149DF-153B-2437-9787-77DE48010481}.Debug|Any CPU.ActiveCfg = Debug|Any CPU
		{F24149DF-153B-2437-9787-77DE48010481}.Debug|Any CPU.Build.0 = Debug|Any CPU
		{F24149DF-153B-2437-9787-77DE48010481}.Release|Any CPU.ActiveCfg = Release|Any CPU
		{F24149DF-153B-2437-9787-77DE48010481}.Release|Any CPU.Build.0 = Release|Any CPU
		{5C4B25E1-7B6C-62F2-C21D-FE9F6EAC1C6F}.Debug|Any CPU.ActiveCfg = Debug|Any CPU
		{5C4B25E1-7B6C-62F2-C21D-FE9F6EAC1C6F}.Debug|Any CPU.Build.0 = Debug|Any CPU
		{5C4B25E1-7B6C-62F2-C21D-FE9F6EAC1C6F}.Release|Any CPU.ActiveCfg = Release|Any CPU
		{5C4B25E1-7B6C-62F2-C21D-FE9F6EAC1C6F}.Release|Any CPU.Build.0 = Release|Any CPU
		{42AE5E3D-2228-4EEC-9E0A-A58E803D692D}.Debug|Any CPU.ActiveCfg = Debug|Any CPU
		{42AE5E3D-2228-4EEC-9E0A-A58E803D692D}.Debug|Any CPU.Build.0 = Debug|Any CPU
		{42AE5E3D-2228-4EEC-9E0A-A58E803D692D}.Release|Any CPU.ActiveCfg = Release|Any CPU
		{42AE5E3D-2228-4EEC-9E0A-A58E803D692D}.Release|Any CPU.Build.0 = Release|Any CPU
	EndGlobalSection
	GlobalSection(SolutionProperties) = preSolution
		HideSolutionNode = FALSE
	EndGlobalSection
EndGlobal
