
Microsoft Visual Studio Solution File, Format Version 12.00
# Visual Studio 15
Project("{FAE04EC0-301F-11D3-BF4B-00C04F79EFBC}") = "knight", "Assembly-CSharp.csproj", "{C7545BF8-E93A-F173-4E07-FBA6B54E0E18}"
EndProject
Project("{FAE04EC0-301F-11D3-BF4B-00C04F79EFBC}") = "knight", "Assembly-CSharp-firstpass.csproj", "{94AF8D44-A100-ABC4-E27B-71AD6D362488}"
EndProject
Project("{FAE04EC0-301F-11D3-BF4B-00C04F79EFBC}") = "knight", "Assembly-CSharp-Editor.csproj", "{F102D966-651E-98D9-8E6C-B6DB8A38A89A}"
EndProject
Project("{FAE04EC0-301F-11D3-BF4B-00C04F79EFBC}") = "knight", "Assembly-CSharp-Editor-firstpass.csproj", "{0EA4A980-9EAB-13B0-612F-32273C1504B6}"
EndProject
Project("{FAE04EC0-301F-11D3-BF4B-00C04F79EFBC}") = "KnightHotfixModule", "HotfixModule\KnightHotfixModule\KnightHotfixModule.csproj", "{42AE5E3D-2228-4EEC-9E0A-A58E803D692D}"
EndProject
Global
	GlobalSection(SolutionConfigurationPlatforms) = preSolution
		Debug|Any CPU = Debug|Any CPU
		Release|Any CPU = Release|Any CPU
	EndGlobalSection
	GlobalSection(ProjectConfigurationPlatforms) = postSolution
		{C7545BF8-E93A-F173-4E07-FBA6B54E0E18}.Debug|Any CPU.ActiveCfg = Debug|Any CPU
		{C7545BF8-E93A-F173-4E07-FBA6B54E0E18}.Debug|Any CPU.Build.0 = Debug|Any CPU
		{C7545BF8-E93A-F173-4E07-FBA6B54E0E18}.Release|Any CPU.ActiveCfg = Release|Any CPU
		{C7545BF8-E93A-F173-4E07-FBA6B54E0E18}.Release|Any CPU.Build.0 = Release|Any CPU
		{94AF8D44-A100-ABC4-E27B-71AD6D362488}.Debug|Any CPU.ActiveCfg = Debug|Any CPU
		{94AF8D44-A100-ABC4-E27B-71AD6D362488}.Debug|Any CPU.Build.0 = Debug|Any CPU
		{94AF8D44-A100-ABC4-E27B-71AD6D362488}.Release|Any CPU.ActiveCfg = Release|Any CPU
		{94AF8D44-A100-ABC4-E27B-71AD6D362488}.Release|Any CPU.Build.0 = Release|Any CPU
		{F102D966-651E-98D9-8E6C-B6DB8A38A89A}.Debug|Any CPU.ActiveCfg = Debug|Any CPU
		{F102D966-651E-98D9-8E6C-B6DB8A38A89A}.Debug|Any CPU.Build.0 = Debug|Any CPU
		{F102D966-651E-98D9-8E6C-B6DB8A38A89A}.Release|Any CPU.ActiveCfg = Release|Any CPU
		{F102D966-651E-98D9-8E6C-B6DB8A38A89A}.Release|Any CPU.Build.0 = Release|Any CPU
		{0EA4A980-9EAB-13B0-612F-32273C1504B6}.Debug|Any CPU.ActiveCfg = Debug|Any CPU
		{0EA4A980-9EAB-13B0-612F-32273C1504B6}.Debug|Any CPU.Build.0 = Debug|Any CPU
		{0EA4A980-9EAB-13B0-612F-32273C1504B6}.Release|Any CPU.ActiveCfg = Release|Any CPU
		{0EA4A980-9EAB-13B0-612F-32273C1504B6}.Release|Any CPU.Build.0 = Release|Any CPU
		{42AE5E3D-2228-4EEC-9E0A-A58E803D692D}.Debug|Any CPU.ActiveCfg = Debug|Any CPU
		{42AE5E3D-2228-4EEC-9E0A-A58E803D692D}.Debug|Any CPU.Build.0 = Debug|Any CPU
		{42AE5E3D-2228-4EEC-9E0A-A58E803D692D}.Release|Any CPU.ActiveCfg = Release|Any CPU
		{42AE5E3D-2228-4EEC-9E0A-A58E803D692D}.Release|Any CPU.Build.0 = Release|Any CPU
	EndGlobalSection
	GlobalSection(SolutionProperties) = preSolution
		HideSolutionNode = FALSE
	EndGlobalSection
EndGlobal
