
Microsoft Visual Studio Solution File, Format Version 12.00
# Visual Studio 14
VisualStudioVersion = 14.0.23107.0
MinimumVisualStudioVersion = 10.0.40219.1
Project("{FAE04EC0-301F-11D3-BF4B-00C04F79EFBC}") = "KnightHotfixModule", "KnightHotfixModule\KnightHotfixModule.csproj", "{42AE5E3D-2228-4EEC-9E0A-A58E803D692D}"
EndProject
Global
	GlobalSection(SolutionConfigurationPlatforms) = preSolution
		Debug|Any CPU = Debug|Any CPU
		Release|Any CPU = Release|Any CPU
	EndGlobalSection
	GlobalSection(ProjectConfigurationPlatforms) = postSolution
		{42AE5E3D-2228-4EEC-9E0A-A58E803D692D}.Debug|Any CPU.ActiveCfg = Debug|Any CPU
		{42AE5E3D-2228-4EEC-9E0A-A58E803D692D}.Debug|Any CPU.Build.0 = Debug|Any CPU
		{42AE5E3D-2228-4EEC-9E0A-A58E803D692D}.Release|Any CPU.ActiveCfg = Release|Any CPU
		{42AE5E3D-2228-4EEC-9E0A-A58E803D692D}.Release|Any CPU.Build.0 = Release|Any CPU
	EndGlobalSection
	GlobalSection(SolutionProperties) = preSolution
		HideSolutionNode = FALSE
	EndGlobalSection
EndGlobal
