
Microsoft Visual Studio Solution File, Format Version 12.00
# Visual Studio 2013
VisualStudioVersion = 12.0.21005.1
MinimumVisualStudioVersion = 10.0.40219.1
Project("{FAE04EC0-301F-11D3-BF4B-00C04F79EFBC}") = "KnightHotfixModule", "KnightHotfixModule\KnightHotfixModule.csproj", "{42AE5E3D-2228-4EEC-9E0A-A58E803D692D}"
EndProject
Project("{2150E333-8FDC-42A3-9474-1A3956D46DE8}") = "Tools", "Tools", "{91226658-A3F0-40C6-91C5-4DD987BF298A}"
EndProject
Project("{FAE04EC0-301F-11D3-BF4B-00C04F79EFBC}") = "SerializerBinaryEditor", "Tools\SerializerBinaryEditor\SerializerBinaryEditor.csproj", "{18B6F8A7-0539-43D1-B642-B124E5D15911}"
EndProject
Project("{FAE04EC0-301F-11D3-BF4B-00C04F79EFBC}") = "DLLInjectEditor", "Tools\DLLInjectEditor\DLLInjectEditor.csproj", "{B820B942-4A0F-4F08-9AC7-AB49CBBA1652}"
EndProject
Global
	GlobalSection(SolutionConfigurationPlatforms) = preSolution
		Debug|Any CPU = Debug|Any CPU
		Debug|x86 = Debug|x86
		Release|Any CPU = Release|Any CPU
		Release|x86 = Release|x86
	EndGlobalSection
	GlobalSection(ProjectConfigurationPlatforms) = postSolution
		{42AE5E3D-2228-4EEC-9E0A-A58E803D692D}.Debug|Any CPU.ActiveCfg = Debug|Any CPU
		{42AE5E3D-2228-4EEC-9E0A-A58E803D692D}.Debug|Any CPU.Build.0 = Debug|Any CPU
		{42AE5E3D-2228-4EEC-9E0A-A58E803D692D}.Debug|x86.ActiveCfg = Debug|x86
		{42AE5E3D-2228-4EEC-9E0A-A58E803D692D}.Debug|x86.Build.0 = Debug|x86
		{42AE5E3D-2228-4EEC-9E0A-A58E803D692D}.Release|Any CPU.ActiveCfg = Release|Any CPU
		{42AE5E3D-2228-4EEC-9E0A-A58E803D692D}.Release|Any CPU.Build.0 = Release|Any CPU
		{42AE5E3D-2228-4EEC-9E0A-A58E803D692D}.Release|x86.ActiveCfg = Release|x86
		{42AE5E3D-2228-4EEC-9E0A-A58E803D692D}.Release|x86.Build.0 = Release|x86
		{18B6F8A7-0539-43D1-B642-B124E5D15911}.Debug|Any CPU.ActiveCfg = Debug|Any CPU
		{18B6F8A7-0539-43D1-B642-B124E5D15911}.Debug|Any CPU.Build.0 = Debug|Any CPU
		{18B6F8A7-0539-43D1-B642-B124E5D15911}.Debug|x86.ActiveCfg = Debug|Any CPU
		{18B6F8A7-0539-43D1-B642-B124E5D15911}.Release|Any CPU.ActiveCfg = Release|Any CPU
		{18B6F8A7-0539-43D1-B642-B124E5D15911}.Release|Any CPU.Build.0 = Release|Any CPU
		{18B6F8A7-0539-43D1-B642-B124E5D15911}.Release|x86.ActiveCfg = Release|Any CPU
		{B820B942-4A0F-4F08-9AC7-AB49CBBA1652}.Debug|Any CPU.ActiveCfg = Debug|Any CPU
		{B820B942-4A0F-4F08-9AC7-AB49CBBA1652}.Debug|Any CPU.Build.0 = Debug|Any CPU
		{B820B942-4A0F-4F08-9AC7-AB49CBBA1652}.Debug|x86.ActiveCfg = Debug|Any CPU
		{B820B942-4A0F-4F08-9AC7-AB49CBBA1652}.Release|Any CPU.ActiveCfg = Release|Any CPU
		{B820B942-4A0F-4F08-9AC7-AB49CBBA1652}.Release|Any CPU.Build.0 = Release|Any CPU
		{B820B942-4A0F-4F08-9AC7-AB49CBBA1652}.Release|x86.ActiveCfg = Release|Any CPU
	EndGlobalSection
	GlobalSection(SolutionProperties) = preSolution
		HideSolutionNode = FALSE
	EndGlobalSection
	GlobalSection(NestedProjects) = preSolution
		{18B6F8A7-0539-43D1-B642-B124E5D15911} = {91226658-A3F0-40C6-91C5-4DD987BF298A}
		{B820B942-4A0F-4F08-9AC7-AB49CBBA1652} = {91226658-A3F0-40C6-91C5-4DD987BF298A}
	EndGlobalSection
EndGlobal
