
Microsoft Visual Studio Solution File, Format Version 12.00
# Visual Studio 15
Project("{FAE04EC0-301F-11D3-BF4B-00C04F79EFBC}") = "Framework.UI", "Framework.UI.csproj", "{D3B5A287-0683-A9ED-5D6B-601E7FD304CE}"
EndProject
Project("{FAE04EC0-301F-11D3-BF4B-00C04F79EFBC}") = "Framework.Tweening", "Framework.Tweening.csproj", "{2309682F-D599-7610-8E2F-5301A95F2F53}"
EndProject
Project("{FAE04EC0-301F-11D3-BF4B-00C04F79EFBC}") = "Tests", "Tests.csproj", "{D9955016-366F-87C9-CE78-1384321BAFCC}"
EndProject
Project("{FAE04EC0-301F-11D3-BF4B-00C04F79EFBC}") = "Framework.Hotfix", "Framework.Hotfix.csproj", "{EF118D77-0AD6-B624-490B-A40395E7ED8A}"
EndProject
Project("{FAE04EC0-301F-11D3-BF4B-00C04F79EFBC}") = "Core", "Core.csproj", "{B936C8AC-5D63-A14B-C759-1A0757F34D98}"
EndProject
Project("{FAE04EC0-301F-11D3-BF4B-00C04F79EFBC}") = "Framework.AssetBundle", "Framework.AssetBundle.csproj", "{8E88E2FF-9465-AA7A-30DF-FCF214FFC992}"
EndProject
Project("{FAE04EC0-301F-11D3-BF4B-00C04F79EFBC}") = "Framework.Network", "Framework.Network.csproj", "{9A22AAD4-53A6-3440-ADB2-D45668EC958C}"
EndProject
Project("{FAE04EC0-301F-11D3-BF4B-00C04F79EFBC}") = "Framework.Input", "Framework.Input.csproj", "{84E0BC2B-DAED-5AF2-A1B0-E035B65DF067}"
EndProject
Project("{FAE04EC0-301F-11D3-BF4B-00C04F79EFBC}") = "Game", "Game.csproj", "{0B5D3648-7C73-90F9-CA0D-1197434BCF47}"
EndProject
Project("{FAE04EC0-301F-11D3-BF4B-00C04F79EFBC}") = "Framework.Graphics", "Framework.Graphics.csproj", "{7E5A37BF-7148-BDC4-A450-994BE6B4786C}"
EndProject
Project("{FAE04EC0-301F-11D3-BF4B-00C04F79EFBC}") = "Core.Editor", "Core.Editor.csproj", "{A83D30B0-EBA0-3F6C-A397-6301D310D1C2}"
EndProject
Project("{FAE04EC0-301F-11D3-BF4B-00C04F79EFBC}") = "Framework.UI.Editor", "Framework.UI.Editor.csproj", "{F257FB21-A0AE-648A-FE6A-FE80386AFA99}"
EndProject
Project("{FAE04EC0-301F-11D3-BF4B-00C04F79EFBC}") = "Game.Hotfix", "Game.Hotfix.csproj", "{D0D8B25C-DC85-F955-953D-0059FC6DD71F}"
EndProject
Project("{FAE04EC0-301F-11D3-BF4B-00C04F79EFBC}") = "Framework.AssetBundle.Editor", "Framework.AssetBundle.Editor.csproj", "{49EB5611-5665-100A-A215-AB3DA226554A}"
EndProject
Project("{FAE04EC0-301F-11D3-BF4B-00C04F79EFBC}") = "Framework.Tweening.Editor", "Framework.Tweening.Editor.csproj", "{DF722550-7F7D-7AF6-DE81-8006F177482E}"
EndProject
Project("{FAE04EC0-301F-11D3-BF4B-00C04F79EFBC}") = "Framework.Hotfix.Editor", "Framework.Hotfix.Editor.csproj", "{347403B0-9956-1D31-BD5B-F387ACF8519E}"
EndProject
Project("{FAE04EC0-301F-11D3-BF4B-00C04F79EFBC}") = "Game.Editor", "Game.Editor.csproj", "{0324F777-1EBA-74DE-7D6E-44FA1E425ECB}"
EndProject
Global
	GlobalSection(SolutionConfigurationPlatforms) = preSolution
		Debug|Any CPU = Debug|Any CPU
		Release|Any CPU = Release|Any CPU
	EndGlobalSection
	GlobalSection(ProjectConfigurationPlatforms) = postSolution
		{D3B5A287-0683-A9ED-5D6B-601E7FD304CE}.Debug|Any CPU.ActiveCfg = Debug|Any CPU
		{D3B5A287-0683-A9ED-5D6B-601E7FD304CE}.Debug|Any CPU.Build.0 = Debug|Any CPU
		{D3B5A287-0683-A9ED-5D6B-601E7FD304CE}.Release|Any CPU.ActiveCfg = Release|Any CPU
		{D3B5A287-0683-A9ED-5D6B-601E7FD304CE}.Release|Any CPU.Build.0 = Release|Any CPU
		{2309682F-D599-7610-8E2F-5301A95F2F53}.Debug|Any CPU.ActiveCfg = Debug|Any CPU
		{2309682F-D599-7610-8E2F-5301A95F2F53}.Debug|Any CPU.Build.0 = Debug|Any CPU
		{2309682F-D599-7610-8E2F-5301A95F2F53}.Release|Any CPU.ActiveCfg = Release|Any CPU
		{2309682F-D599-7610-8E2F-5301A95F2F53}.Release|Any CPU.Build.0 = Release|Any CPU
		{D9955016-366F-87C9-CE78-1384321BAFCC}.Debug|Any CPU.ActiveCfg = Debug|Any CPU
		{D9955016-366F-87C9-CE78-1384321BAFCC}.Debug|Any CPU.Build.0 = Debug|Any CPU
		{D9955016-366F-87C9-CE78-1384321BAFCC}.Release|Any CPU.ActiveCfg = Release|Any CPU
		{D9955016-366F-87C9-CE78-1384321BAFCC}.Release|Any CPU.Build.0 = Release|Any CPU
		{EF118D77-0AD6-B624-490B-A40395E7ED8A}.Debug|Any CPU.ActiveCfg = Debug|Any CPU
		{EF118D77-0AD6-B624-490B-A40395E7ED8A}.Debug|Any CPU.Build.0 = Debug|Any CPU
		{EF118D77-0AD6-B624-490B-A40395E7ED8A}.Release|Any CPU.ActiveCfg = Release|Any CPU
		{EF118D77-0AD6-B624-490B-A40395E7ED8A}.Release|Any CPU.Build.0 = Release|Any CPU
		{B936C8AC-5D63-A14B-C759-1A0757F34D98}.Debug|Any CPU.ActiveCfg = Debug|Any CPU
		{B936C8AC-5D63-A14B-C759-1A0757F34D98}.Debug|Any CPU.Build.0 = Debug|Any CPU
		{B936C8AC-5D63-A14B-C759-1A0757F34D98}.Release|Any CPU.ActiveCfg = Release|Any CPU
		{B936C8AC-5D63-A14B-C759-1A0757F34D98}.Release|Any CPU.Build.0 = Release|Any CPU
		{8E88E2FF-9465-AA7A-30DF-FCF214FFC992}.Debug|Any CPU.ActiveCfg = Debug|Any CPU
		{8E88E2FF-9465-AA7A-30DF-FCF214FFC992}.Debug|Any CPU.Build.0 = Debug|Any CPU
		{8E88E2FF-9465-AA7A-30DF-FCF214FFC992}.Release|Any CPU.ActiveCfg = Release|Any CPU
		{8E88E2FF-9465-AA7A-30DF-FCF214FFC992}.Release|Any CPU.Build.0 = Release|Any CPU
		{9A22AAD4-53A6-3440-ADB2-D45668EC958C}.Debug|Any CPU.ActiveCfg = Debug|Any CPU
		{9A22AAD4-53A6-3440-ADB2-D45668EC958C}.Debug|Any CPU.Build.0 = Debug|Any CPU
		{9A22AAD4-53A6-3440-ADB2-D45668EC958C}.Release|Any CPU.ActiveCfg = Release|Any CPU
		{9A22AAD4-53A6-3440-ADB2-D45668EC958C}.Release|Any CPU.Build.0 = Release|Any CPU
		{84E0BC2B-DAED-5AF2-A1B0-E035B65DF067}.Debug|Any CPU.ActiveCfg = Debug|Any CPU
		{84E0BC2B-DAED-5AF2-A1B0-E035B65DF067}.Debug|Any CPU.Build.0 = Debug|Any CPU
		{84E0BC2B-DAED-5AF2-A1B0-E035B65DF067}.Release|Any CPU.ActiveCfg = Release|Any CPU
		{84E0BC2B-DAED-5AF2-A1B0-E035B65DF067}.Release|Any CPU.Build.0 = Release|Any CPU
		{0B5D3648-7C73-90F9-CA0D-1197434BCF47}.Debug|Any CPU.ActiveCfg = Debug|Any CPU
		{0B5D3648-7C73-90F9-CA0D-1197434BCF47}.Debug|Any CPU.Build.0 = Debug|Any CPU
		{0B5D3648-7C73-90F9-CA0D-1197434BCF47}.Release|Any CPU.ActiveCfg = Release|Any CPU
		{0B5D3648-7C73-90F9-CA0D-1197434BCF47}.Release|Any CPU.Build.0 = Release|Any CPU
		{7E5A37BF-7148-BDC4-A450-994BE6B4786C}.Debug|Any CPU.ActiveCfg = Debug|Any CPU
		{7E5A37BF-7148-BDC4-A450-994BE6B4786C}.Debug|Any CPU.Build.0 = Debug|Any CPU
		{7E5A37BF-7148-BDC4-A450-994BE6B4786C}.Release|Any CPU.ActiveCfg = Release|Any CPU
		{7E5A37BF-7148-BDC4-A450-994BE6B4786C}.Release|Any CPU.Build.0 = Release|Any CPU
		{A83D30B0-EBA0-3F6C-A397-6301D310D1C2}.Debug|Any CPU.ActiveCfg = Debug|Any CPU
		{A83D30B0-EBA0-3F6C-A397-6301D310D1C2}.Debug|Any CPU.Build.0 = Debug|Any CPU
		{A83D30B0-EBA0-3F6C-A397-6301D310D1C2}.Release|Any CPU.ActiveCfg = Release|Any CPU
		{A83D30B0-EBA0-3F6C-A397-6301D310D1C2}.Release|Any CPU.Build.0 = Release|Any CPU
		{F257FB21-A0AE-648A-FE6A-FE80386AFA99}.Debug|Any CPU.ActiveCfg = Debug|Any CPU
		{F257FB21-A0AE-648A-FE6A-FE80386AFA99}.Debug|Any CPU.Build.0 = Debug|Any CPU
		{F257FB21-A0AE-648A-FE6A-FE80386AFA99}.Release|Any CPU.ActiveCfg = Release|Any CPU
		{F257FB21-A0AE-648A-FE6A-FE80386AFA99}.Release|Any CPU.Build.0 = Release|Any CPU
		{D0D8B25C-DC85-F955-953D-0059FC6DD71F}.Debug|Any CPU.ActiveCfg = Debug|Any CPU
		{D0D8B25C-DC85-F955-953D-0059FC6DD71F}.Debug|Any CPU.Build.0 = Debug|Any CPU
		{D0D8B25C-DC85-F955-953D-0059FC6DD71F}.Release|Any CPU.ActiveCfg = Release|Any CPU
		{D0D8B25C-DC85-F955-953D-0059FC6DD71F}.Release|Any CPU.Build.0 = Release|Any CPU
		{49EB5611-5665-100A-A215-AB3DA226554A}.Debug|Any CPU.ActiveCfg = Debug|Any CPU
		{49EB5611-5665-100A-A215-AB3DA226554A}.Debug|Any CPU.Build.0 = Debug|Any CPU
		{49EB5611-5665-100A-A215-AB3DA226554A}.Release|Any CPU.ActiveCfg = Release|Any CPU
		{49EB5611-5665-100A-A215-AB3DA226554A}.Release|Any CPU.Build.0 = Release|Any CPU
		{DF722550-7F7D-7AF6-DE81-8006F177482E}.Debug|Any CPU.ActiveCfg = Debug|Any CPU
		{DF722550-7F7D-7AF6-DE81-8006F177482E}.Debug|Any CPU.Build.0 = Debug|Any CPU
		{DF722550-7F7D-7AF6-DE81-8006F177482E}.Release|Any CPU.ActiveCfg = Release|Any CPU
		{DF722550-7F7D-7AF6-DE81-8006F177482E}.Release|Any CPU.Build.0 = Release|Any CPU
		{347403B0-9956-1D31-BD5B-F387ACF8519E}.Debug|Any CPU.ActiveCfg = Debug|Any CPU
		{347403B0-9956-1D31-BD5B-F387ACF8519E}.Debug|Any CPU.Build.0 = Debug|Any CPU
		{347403B0-9956-1D31-BD5B-F387ACF8519E}.Release|Any CPU.ActiveCfg = Release|Any CPU
		{347403B0-9956-1D31-BD5B-F387ACF8519E}.Release|Any CPU.Build.0 = Release|Any CPU
		{0324F777-1EBA-74DE-7D6E-44FA1E425ECB}.Debug|Any CPU.ActiveCfg = Debug|Any CPU
		{0324F777-1EBA-74DE-7D6E-44FA1E425ECB}.Debug|Any CPU.Build.0 = Debug|Any CPU
		{0324F777-1EBA-74DE-7D6E-44FA1E425ECB}.Release|Any CPU.ActiveCfg = Release|Any CPU
		{0324F777-1EBA-74DE-7D6E-44FA1E425ECB}.Release|Any CPU.Build.0 = Release|Any CPU
	EndGlobalSection
	GlobalSection(SolutionProperties) = preSolution
		HideSolutionNode = FALSE
	EndGlobalSection
EndGlobal
